{
	"name": "HelloWps",
	"version": "1.0.0",
	"lockfileVersion": 3,
	"requires": true,
	"packages": {
		"": {
			"name": "HelloWps",
			"version": "1.0.0",
			"devDependencies": {
				"wps-jsapi-declare": "latest"
			}
		},
		"node_modules/wps-jsapi-declare": {
			"version": "2.0.0",
			"resolved": "https://registry.npmmirror.com/wps-jsapi-declare/-/wps-jsapi-declare-2.0.0.tgz",
			"integrity": "sha512-IVo44CKOXh1/6YRl7Rb9JzfaL/PxLOkuNrl+e46KTI+QyWfqRlITmJ7TUqhb7G+IcaR1V2kmLYYShS9Jc+ahoA==",
			"dev": true
		}
	}
}
